
Microsoft Visual Studio Solution File, Format Version 12.00
# Visual Studio Version 17
VisualStudioVersion = 17.0.31903.59
MinimumVisualStudioVersion = 10.0.40219.1
Project("{FAE04EC0-301F-11D3-BF4B-00C04F79EFBC}") = "SingletonImplementation", "SingletonImplementation\SingletonImplementation.csproj", "{3F889BB8-73F9-4553-BA6D-AC3BCD35115C}"
EndProject
Project("{FAE04EC0-301F-11D3-BF4B-00C04F79EFBC}") = "SingletonTest", "SingletonTest\SingletonTest.csproj", "{9B7D214B-06DE-4036-A7E4-E922508E3234}"
EndProject
Project("{FAE04EC0-301F-11D3-BF4B-00C04F79EFBC}") = "Monostate", "Monostate\Monostate.csproj", "{9DAB3A68-40DE-4DB5-8CC8-1735E3E23C83}"
EndProject
Project("{FAE04EC0-301F-11D3-BF4B-00C04F79EFBC}") = "PerThreadSingleton", "PerThreadSingleton\PerThreadSingleton.csproj", "{5B6AFE3E-EBB4-46EC-85FD-242997F6BF58}"
EndProject
Project("{FAE04EC0-301F-11D3-BF4B-00C04F79EFBC}") = "AmbientContext", "AmbientContext\AmbientContext.csproj", "{C95FE7DA-61BE-4A6F-9A60-A0B6F7C2947A}"
EndProject
Global
	GlobalSection(SolutionConfigurationPlatforms) = preSolution
		Debug|Any CPU = Debug|Any CPU
		Release|Any CPU = Release|Any CPU
	EndGlobalSection
	GlobalSection(ProjectConfigurationPlatforms) = postSolution
		{3F889BB8-73F9-4553-BA6D-AC3BCD35115C}.Debug|Any CPU.ActiveCfg = Debug|Any CPU
		{3F889BB8-73F9-4553-BA6D-AC3BCD35115C}.Debug|Any CPU.Build.0 = Debug|Any CPU
		{3F889BB8-73F9-4553-BA6D-AC3BCD35115C}.Release|Any CPU.ActiveCfg = Release|Any CPU
		{3F889BB8-73F9-4553-BA6D-AC3BCD35115C}.Release|Any CPU.Build.0 = Release|Any CPU
		{9B7D214B-06DE-4036-A7E4-E922508E3234}.Debug|Any CPU.ActiveCfg = Debug|Any CPU
		{9B7D214B-06DE-4036-A7E4-E922508E3234}.Debug|Any CPU.Build.0 = Debug|Any CPU
		{9B7D214B-06DE-4036-A7E4-E922508E3234}.Release|Any CPU.ActiveCfg = Release|Any CPU
		{9B7D214B-06DE-4036-A7E4-E922508E3234}.Release|Any CPU.Build.0 = Release|Any CPU
		{9DAB3A68-40DE-4DB5-8CC8-1735E3E23C83}.Debug|Any CPU.ActiveCfg = Debug|Any CPU
		{9DAB3A68-40DE-4DB5-8CC8-1735E3E23C83}.Debug|Any CPU.Build.0 = Debug|Any CPU
		{9DAB3A68-40DE-4DB5-8CC8-1735E3E23C83}.Release|Any CPU.ActiveCfg = Release|Any CPU
		{9DAB3A68-40DE-4DB5-8CC8-1735E3E23C83}.Release|Any CPU.Build.0 = Release|Any CPU
		{5B6AFE3E-EBB4-46EC-85FD-242997F6BF58}.Debug|Any CPU.ActiveCfg = Debug|Any CPU
		{5B6AFE3E-EBB4-46EC-85FD-242997F6BF58}.Debug|Any CPU.Build.0 = Debug|Any CPU
		{5B6AFE3E-EBB4-46EC-85FD-242997F6BF58}.Release|Any CPU.ActiveCfg = Release|Any CPU
		{5B6AFE3E-EBB4-46EC-85FD-242997F6BF58}.Release|Any CPU.Build.0 = Release|Any CPU
		{C95FE7DA-61BE-4A6F-9A60-A0B6F7C2947A}.Debug|Any CPU.ActiveCfg = Debug|Any CPU
		{C95FE7DA-61BE-4A6F-9A60-A0B6F7C2947A}.Debug|Any CPU.Build.0 = Debug|Any CPU
		{C95FE7DA-61BE-4A6F-9A60-A0B6F7C2947A}.Release|Any CPU.ActiveCfg = Release|Any CPU
		{C95FE7DA-61BE-4A6F-9A60-A0B6F7C2947A}.Release|Any CPU.Build.0 = Release|Any CPU
	EndGlobalSection
	GlobalSection(SolutionProperties) = preSolution
		HideSolutionNode = FALSE
	EndGlobalSection
EndGlobal
